
Microsoft Visual Studio Solution File, Format Version 12.00
# Visual Studio Version 17
VisualStudioVersion = 17.5.001.0
MinimumVisualStudioVersion = 10.0.40219.1
Project("{9A19103F-16F7-4668-BE54-9A1E7A4F7556}") = "DotnetAPIOld", "DotnetAPIOld\DotnetAPIOld.csproj", "{E5AFBF81-4240-48AC-B605-569BBD12B61F}"
EndProject
Project("{9A19103F-16F7-4668-BE54-9A1E7A4F7556}") = "HelloWorld", "SQLSeed\HelloWorld.csproj", "{CCC1A121-36C1-4C86-93DE-91E94AFE5DFA}"
EndProject
Project("{2150E333-8FDC-42A3-9474-1A3956D46DE8}") = "1-Basics", "1-Basics", "{7D48C675-3C8B-4948-A7F6-1971A02B13C6}"
EndProject
Project("{9A19103F-16F7-4668-BE54-9A1E7A4F7556}") = "HelloWorld", "1-Basics\1-HelloWorld_Start\HelloWorld.csproj", "{095045DB-B851-46D0-B11F-66771D0BB356}"
EndProject
Project("{9A19103F-16F7-4668-BE54-9A1E7A4F7556}") = "HelloWorld (1)", "1-Basics\2-HelloWorld_ConsoleWriteLine\HelloWorld.csproj", "{D9A57F79-D2C8-4466-A101-19AE11BAB91D}"
EndProject
Project("{9A19103F-16F7-4668-BE54-9A1E7A4F7556}") = "HelloWorld (2)", "1-Basics\2b-Assignment_ConsoleWriteLine\HelloWorld.csproj", "{E0352DD8-ECF3-4CA6-BC83-FAB7458B87AB}"
EndProject
Project("{9A19103F-16F7-4668-BE54-9A1E7A4F7556}") = "HelloWorld (3)", "1-Basics\3-HelloWorld_Variables\HelloWorld.csproj", "{8C75E6B0-BAA2-4803-A6D6-C42E0DBE0CD7}"
EndProject
Project("{9A19103F-16F7-4668-BE54-9A1E7A4F7556}") = "HelloWorld (4)", "1-Basics\3b-Assignment_Variables\HelloWorld.csproj", "{BD2588F1-005F-4D75-88A7-CFD6BC0591D5}"
EndProject
Project("{9A19103F-16F7-4668-BE54-9A1E7A4F7556}") = "HelloWorld (5)", "1-Basics\3c-Assignment_DataStructures\HelloWorld.csproj", "{C33EC1C6-3492-49D8-A8DC-9153D974737E}"
EndProject
Project("{9A19103F-16F7-4668-BE54-9A1E7A4F7556}") = "HelloWorld (6)", "1-Basics\4-HelloWorld_Operators\HelloWorld.csproj", "{D3024BBA-16F3-4C4E-80D0-0FB25DB697FD}"
EndProject
Project("{9A19103F-16F7-4668-BE54-9A1E7A4F7556}") = "HelloWorld (7)", "1-Basics\4b-Assignment_Operators\HelloWorld.csproj", "{07F14C5F-9FC5-43ED-BDF6-B2F9B3846F4C}"
EndProject
Project("{9A19103F-16F7-4668-BE54-9A1E7A4F7556}") = "HelloWorld (8)", "1-Basics\5-HelloWorld_Conditionals\HelloWorld.csproj", "{48E65E81-2E7A-4471-BCB7-DE544F5BD825}"
EndProject
Project("{9A19103F-16F7-4668-BE54-9A1E7A4F7556}") = "HelloWorld (9)", "1-Basics\5b-Assignment_Conditionals\HelloWorld.csproj", "{5232E3EF-0B90-4C20-AF32-E12400F4B635}"
EndProject
Project("{9A19103F-16F7-4668-BE54-9A1E7A4F7556}") = "HelloWorld (10)", "1-Basics\6-HelloWorld_Loops\HelloWorld.csproj", "{22994D13-4EC7-4D94-8434-A364F72BFB00}"
EndProject
Project("{9A19103F-16F7-4668-BE54-9A1E7A4F7556}") = "HelloWorld (11)", "1-Basics\6b-Assignment_Loops\HelloWorld.csproj", "{01D96839-6164-4E3D-9E26-2FC61D170D41}"
EndProject
Project("{9A19103F-16F7-4668-BE54-9A1E7A4F7556}") = "HelloWorld (12)", "1-Basics\7-HelloWorld_Methods_Arguments_Return\HelloWorld.csproj", "{BCFA76CF-7057-47BF-BB06-72AA88A2C195}"
EndProject
Project("{9A19103F-16F7-4668-BE54-9A1E7A4F7556}") = "HelloWorld (13)", "1-Basics\7b-Assignment_Methods\HelloWorld.csproj", "{8001E631-D43A-43D3-A364-C24B4A7AB2EF}"
EndProject
Project("{9A19103F-16F7-4668-BE54-9A1E7A4F7556}") = "HelloWorld (14)", "1-Basics\8-HelloWorld_Scope\HelloWorld.csproj", "{F8584519-FDA7-4BCD-B669-F67383DA03D3}"
EndProject
Project("{2150E333-8FDC-42A3-9474-1A3956D46DE8}") = "2-Intermediate", "2-Intermediate", "{D0A5C6F9-02C9-49CC-94DC-8AD1FD68AD0D}"
EndProject
Project("{9A19103F-16F7-4668-BE54-9A1E7A4F7556}") = "HelloWorld", "2-Intermediate\1-HelloWorld_Models\HelloWorld.csproj", "{451A9FE4-586C-4A1E-A84D-6D359866A638}"
EndProject
Project("{9A19103F-16F7-4668-BE54-9A1E7A4F7556}") = "HelloWorld (1)", "2-Intermediate\2-HelloWorld_NameSpaces\HelloWorld.csproj", "{66082A9F-56E5-4DCA-BAB4-B1C39AD77E55}"
EndProject
Project("{9A19103F-16F7-4668-BE54-9A1E7A4F7556}") = "HelloWorld (2)", "2-Intermediate\3-HelloWorld_Database\HelloWorld.csproj", "{FD5E01D0-D4DD-4650-8D56-4CBF1478A7DB}"
EndProject
Project("{9A19103F-16F7-4668-BE54-9A1E7A4F7556}") = "HelloWorld (3)", "2-Intermediate\4-HelloWorld_Config\HelloWorld.csproj", "{1A24CE82-4614-444C-80BF-DFF7FF7AC85C}"
EndProject
Project("{9A19103F-16F7-4668-BE54-9A1E7A4F7556}") = "HelloWorld (4)", "2-Intermediate\5-HelloWorld_Files\HelloWorld.csproj", "{C95C74CA-B86E-4416-92D8-2ADC6C54DE5B}"
EndProject
Project("{9A19103F-16F7-4668-BE54-9A1E7A4F7556}") = "HelloWorld (5)", "2-Intermediate\6-HelloWorld_JSON\HelloWorld.csproj", "{43C6D8F4-EA7B-4740-B99E-E619780BF0AA}"
EndProject
Project("{9A19103F-16F7-4668-BE54-9A1E7A4F7556}") = "HelloWorld (6)", "2-Intermediate\7-HelloWorld_Mapping\HelloWorld.csproj", "{A8CF1D7E-B7A4-4336-A1FA-B9BE3609045D}"
EndProject
Project("{2150E333-8FDC-42A3-9474-1A3956D46DE8}") = "3-APIBasics", "3-APIBasics", "{C309A5BC-2D14-4DC9-8DC8-F0DCFEC81E49}"
EndProject
Project("{9A19103F-16F7-4668-BE54-9A1E7A4F7556}") = "DotnetAPI", "3-APIBasics\1-DotnetAPI_Start\DotnetAPI.csproj", "{872BE3D3-E1B0-429F-95F8-712D7DA01EA3}"
EndProject
Project("{9A19103F-16F7-4668-BE54-9A1E7A4F7556}") = "DotnetAPI (1)", "3-APIBasics\2-DotnetAPI_Setup\DotnetAPI.csproj", "{D574F5E2-C8E1-43A1-B95D-4685B87BF4E9}"
EndProject
Project("{9A19103F-16F7-4668-BE54-9A1E7A4F7556}") = "DotnetAPI (2)", "3-APIBasics\3-DotnetAPI_Models\DotnetAPI.csproj", "{D02C6090-B21F-4E07-B5CB-4C4FEA4E05EC}"
EndProject
Project("{9A19103F-16F7-4668-BE54-9A1E7A4F7556}") = "DotnetAPI (3)", "3-APIBasics\4-DotnetAPI_User\DotnetAPI.csproj", "{54B1785B-61F3-46B7-981F-16910F558143}"
EndProject
Project("{9A19103F-16F7-4668-BE54-9A1E7A4F7556}") = "DotnetAPI (4)", "3-APIBasics\5-DotnetAPI_EntityFramework\DotnetAPI.csproj", "{FB697FE5-85B6-4252-92BA-E3D22D9D9D5B}"
EndProject
Project("{9A19103F-16F7-4668-BE54-9A1E7A4F7556}") = "DotnetAPI (5)", "3-APIBasics\6-DotnetAPI_UserPeripherals\DotnetAPI.csproj", "{884199E1-9592-44D1-9C9F-0C5CC264CC67}"
EndProject
Project("{2150E333-8FDC-42A3-9474-1A3956D46DE8}") = "4-APIIntermediate", "4-APIIntermediate", "{8D232F7D-74D1-4DD7-BF4D-17E4210FC8AF}"
EndProject
Project("{9A19103F-16F7-4668-BE54-9A1E7A4F7556}") = "DotnetAPI", "4-APIIntermediate\10-DotnetAPI_Helpers\DotnetAPI.csproj", "{7B879F0F-9E07-4C73-9935-C54E22A45A49}"
EndProject
Project("{9A19103F-16F7-4668-BE54-9A1E7A4F7556}") = "DotnetAPI (1)", "4-APIIntermediate\11-DotnetAPI_RelatedData\DotnetAPI.csproj", "{5350905D-9DD8-4306-A3A1-82B777B3E91A}"
EndProject
Project("{9A19103F-16F7-4668-BE54-9A1E7A4F7556}") = "DotnetAPI (2)", "4-APIIntermediate\7-DotnetAPI_Repository\DotnetAPI.csproj", "{87621D2D-DB22-46A0-A87C-EEFD84020718}"
EndProject
Project("{9A19103F-16F7-4668-BE54-9A1E7A4F7556}") = "DotnetAPI (3)", "4-APIIntermediate\8-DotnetAPI_Authentication\DotnetAPI.csproj", "{9F450C23-ADAD-4DF6-9110-5C78764E217F}"
EndProject
Project("{9A19103F-16F7-4668-BE54-9A1E7A4F7556}") = "DotnetAPI (4)", "4-APIIntermediate\9-DotnetAPI_Authentication2\DotnetAPI.csproj", "{EC0F4B71-B42E-48F8-B3EC-E451DE3F8C9B}"
EndProject
Project("{2150E333-8FDC-42A3-9474-1A3956D46DE8}") = "5-APIAdvanced", "5-APIAdvanced", "{F2F993C8-EBE6-414C-AF69-A0D93AB14D6F}"
EndProject
Project("{9A19103F-16F7-4668-BE54-9A1E7A4F7556}") = "DotnetAPI", "5-APIAdvanced\12-DotnetAPI_SQLUsers\DotnetAPI.csproj", "{34A158A3-0DF6-4C7F-B1F3-F82BBB20AE6A}"
EndProject
Project("{9A19103F-16F7-4668-BE54-9A1E7A4F7556}") = "DotnetAPI (1)", "5-APIAdvanced\13-DotnetAPI_SQLPosts\DotnetAPI.csproj", "{91F7F05C-3768-4E0E-BDF9-2AC3F504D25D}"
EndProject
Project("{9A19103F-16F7-4668-BE54-9A1E7A4F7556}") = "DotnetAPI (2)", "5-APIAdvanced\14-DotnetAPI_SQLAuth\DotnetAPI.csproj", "{E81C705A-D39B-47A5-9A4A-BF628F0BB750}"
EndProject
Project("{9A19103F-16F7-4668-BE54-9A1E7A4F7556}") = "DotnetAPI (3)", "5-APIAdvanced\15-DotnetAPI_Cleanup\DotnetAPI.csproj", "{B57F30AA-F1A0-424E-8066-F04F5E064C99}"
EndProject
Project("{9A19103F-16F7-4668-BE54-9A1E7A4F7556}") = "DotnetAPI (4)", "5-APIAdvanced\16-DotnetAPI_ParametersUser\DotnetAPI.csproj", "{FA75F78E-2592-4D16-8A49-7F18DEAA7F3C}"
EndProject
Project("{9A19103F-16F7-4668-BE54-9A1E7A4F7556}") = "DotnetAPI (5)", "5-APIAdvanced\17-DotnetAPI_ParametersPosts\DotnetAPI.csproj", "{1560B2DE-83AE-400B-8155-D33930E6E0A7}"
EndProject
Project("{9A19103F-16F7-4668-BE54-9A1E7A4F7556}") = "DotnetAPI (6)", "5-APIAdvanced\18-DotnetAPI_SqlHelper\DotnetAPI.csproj", "{F69C7CB0-1E4B-4EF2-8426-B78A7CADAA61}"
EndProject
Global
	GlobalSection(SolutionConfigurationPlatforms) = preSolution
		Debug|Any CPU = Debug|Any CPU
		Release|Any CPU = Release|Any CPU
	EndGlobalSection
	GlobalSection(ProjectConfigurationPlatforms) = postSolution
		{E5AFBF81-4240-48AC-B605-569BBD12B61F}.Debug|Any CPU.ActiveCfg = Debug|Any CPU
		{E5AFBF81-4240-48AC-B605-569BBD12B61F}.Debug|Any CPU.Build.0 = Debug|Any CPU
		{E5AFBF81-4240-48AC-B605-569BBD12B61F}.Release|Any CPU.ActiveCfg = Release|Any CPU
		{E5AFBF81-4240-48AC-B605-569BBD12B61F}.Release|Any CPU.Build.0 = Release|Any CPU
		{CCC1A121-36C1-4C86-93DE-91E94AFE5DFA}.Debug|Any CPU.ActiveCfg = Debug|Any CPU
		{CCC1A121-36C1-4C86-93DE-91E94AFE5DFA}.Debug|Any CPU.Build.0 = Debug|Any CPU
		{CCC1A121-36C1-4C86-93DE-91E94AFE5DFA}.Release|Any CPU.ActiveCfg = Release|Any CPU
		{CCC1A121-36C1-4C86-93DE-91E94AFE5DFA}.Release|Any CPU.Build.0 = Release|Any CPU
		{095045DB-B851-46D0-B11F-66771D0BB356}.Debug|Any CPU.ActiveCfg = Debug|Any CPU
		{095045DB-B851-46D0-B11F-66771D0BB356}.Debug|Any CPU.Build.0 = Debug|Any CPU
		{095045DB-B851-46D0-B11F-66771D0BB356}.Release|Any CPU.ActiveCfg = Release|Any CPU
		{095045DB-B851-46D0-B11F-66771D0BB356}.Release|Any CPU.Build.0 = Release|Any CPU
		{D9A57F79-D2C8-4466-A101-19AE11BAB91D}.Debug|Any CPU.ActiveCfg = Debug|Any CPU
		{D9A57F79-D2C8-4466-A101-19AE11BAB91D}.Debug|Any CPU.Build.0 = Debug|Any CPU
		{D9A57F79-D2C8-4466-A101-19AE11BAB91D}.Release|Any CPU.ActiveCfg = Release|Any CPU
		{D9A57F79-D2C8-4466-A101-19AE11BAB91D}.Release|Any CPU.Build.0 = Release|Any CPU
		{E0352DD8-ECF3-4CA6-BC83-FAB7458B87AB}.Debug|Any CPU.ActiveCfg = Debug|Any CPU
		{E0352DD8-ECF3-4CA6-BC83-FAB7458B87AB}.Debug|Any CPU.Build.0 = Debug|Any CPU
		{E0352DD8-ECF3-4CA6-BC83-FAB7458B87AB}.Release|Any CPU.ActiveCfg = Release|Any CPU
		{E0352DD8-ECF3-4CA6-BC83-FAB7458B87AB}.Release|Any CPU.Build.0 = Release|Any CPU
		{8C75E6B0-BAA2-4803-A6D6-C42E0DBE0CD7}.Debug|Any CPU.ActiveCfg = Debug|Any CPU
		{8C75E6B0-BAA2-4803-A6D6-C42E0DBE0CD7}.Debug|Any CPU.Build.0 = Debug|Any CPU
		{8C75E6B0-BAA2-4803-A6D6-C42E0DBE0CD7}.Release|Any CPU.ActiveCfg = Release|Any CPU
		{8C75E6B0-BAA2-4803-A6D6-C42E0DBE0CD7}.Release|Any CPU.Build.0 = Release|Any CPU
		{BD2588F1-005F-4D75-88A7-CFD6BC0591D5}.Debug|Any CPU.ActiveCfg = Debug|Any CPU
		{BD2588F1-005F-4D75-88A7-CFD6BC0591D5}.Debug|Any CPU.Build.0 = Debug|Any CPU
		{BD2588F1-005F-4D75-88A7-CFD6BC0591D5}.Release|Any CPU.ActiveCfg = Release|Any CPU
		{BD2588F1-005F-4D75-88A7-CFD6BC0591D5}.Release|Any CPU.Build.0 = Release|Any CPU
		{C33EC1C6-3492-49D8-A8DC-9153D974737E}.Debug|Any CPU.ActiveCfg = Debug|Any CPU
		{C33EC1C6-3492-49D8-A8DC-9153D974737E}.Debug|Any CPU.Build.0 = Debug|Any CPU
		{C33EC1C6-3492-49D8-A8DC-9153D974737E}.Release|Any CPU.ActiveCfg = Release|Any CPU
		{C33EC1C6-3492-49D8-A8DC-9153D974737E}.Release|Any CPU.Build.0 = Release|Any CPU
		{D3024BBA-16F3-4C4E-80D0-0FB25DB697FD}.Debug|Any CPU.ActiveCfg = Debug|Any CPU
		{D3024BBA-16F3-4C4E-80D0-0FB25DB697FD}.Debug|Any CPU.Build.0 = Debug|Any CPU
		{D3024BBA-16F3-4C4E-80D0-0FB25DB697FD}.Release|Any CPU.ActiveCfg = Release|Any CPU
		{D3024BBA-16F3-4C4E-80D0-0FB25DB697FD}.Release|Any CPU.Build.0 = Release|Any CPU
		{07F14C5F-9FC5-43ED-BDF6-B2F9B3846F4C}.Debug|Any CPU.ActiveCfg = Debug|Any CPU
		{07F14C5F-9FC5-43ED-BDF6-B2F9B3846F4C}.Debug|Any CPU.Build.0 = Debug|Any CPU
		{07F14C5F-9FC5-43ED-BDF6-B2F9B3846F4C}.Release|Any CPU.ActiveCfg = Release|Any CPU
		{07F14C5F-9FC5-43ED-BDF6-B2F9B3846F4C}.Release|Any CPU.Build.0 = Release|Any CPU
		{48E65E81-2E7A-4471-BCB7-DE544F5BD825}.Debug|Any CPU.ActiveCfg = Debug|Any CPU
		{48E65E81-2E7A-4471-BCB7-DE544F5BD825}.Debug|Any CPU.Build.0 = Debug|Any CPU
		{48E65E81-2E7A-4471-BCB7-DE544F5BD825}.Release|Any CPU.ActiveCfg = Release|Any CPU
		{48E65E81-2E7A-4471-BCB7-DE544F5BD825}.Release|Any CPU.Build.0 = Release|Any CPU
		{5232E3EF-0B90-4C20-AF32-E12400F4B635}.Debug|Any CPU.ActiveCfg = Debug|Any CPU
		{5232E3EF-0B90-4C20-AF32-E12400F4B635}.Debug|Any CPU.Build.0 = Debug|Any CPU
		{5232E3EF-0B90-4C20-AF32-E12400F4B635}.Release|Any CPU.ActiveCfg = Release|Any CPU
		{5232E3EF-0B90-4C20-AF32-E12400F4B635}.Release|Any CPU.Build.0 = Release|Any CPU
		{22994D13-4EC7-4D94-8434-A364F72BFB00}.Debug|Any CPU.ActiveCfg = Debug|Any CPU
		{22994D13-4EC7-4D94-8434-A364F72BFB00}.Debug|Any CPU.Build.0 = Debug|Any CPU
		{22994D13-4EC7-4D94-8434-A364F72BFB00}.Release|Any CPU.ActiveCfg = Release|Any CPU
		{22994D13-4EC7-4D94-8434-A364F72BFB00}.Release|Any CPU.Build.0 = Release|Any CPU
		{01D96839-6164-4E3D-9E26-2FC61D170D41}.Debug|Any CPU.ActiveCfg = Debug|Any CPU
		{01D96839-6164-4E3D-9E26-2FC61D170D41}.Debug|Any CPU.Build.0 = Debug|Any CPU
		{01D96839-6164-4E3D-9E26-2FC61D170D41}.Release|Any CPU.ActiveCfg = Release|Any CPU
		{01D96839-6164-4E3D-9E26-2FC61D170D41}.Release|Any CPU.Build.0 = Release|Any CPU
		{BCFA76CF-7057-47BF-BB06-72AA88A2C195}.Debug|Any CPU.ActiveCfg = Debug|Any CPU
		{BCFA76CF-7057-47BF-BB06-72AA88A2C195}.Debug|Any CPU.Build.0 = Debug|Any CPU
		{BCFA76CF-7057-47BF-BB06-72AA88A2C195}.Release|Any CPU.ActiveCfg = Release|Any CPU
		{BCFA76CF-7057-47BF-BB06-72AA88A2C195}.Release|Any CPU.Build.0 = Release|Any CPU
		{8001E631-D43A-43D3-A364-C24B4A7AB2EF}.Debug|Any CPU.ActiveCfg = Debug|Any CPU
		{8001E631-D43A-43D3-A364-C24B4A7AB2EF}.Debug|Any CPU.Build.0 = Debug|Any CPU
		{8001E631-D43A-43D3-A364-C24B4A7AB2EF}.Release|Any CPU.ActiveCfg = Release|Any CPU
		{8001E631-D43A-43D3-A364-C24B4A7AB2EF}.Release|Any CPU.Build.0 = Release|Any CPU
		{F8584519-FDA7-4BCD-B669-F67383DA03D3}.Debug|Any CPU.ActiveCfg = Debug|Any CPU
		{F8584519-FDA7-4BCD-B669-F67383DA03D3}.Debug|Any CPU.Build.0 = Debug|Any CPU
		{F8584519-FDA7-4BCD-B669-F67383DA03D3}.Release|Any CPU.ActiveCfg = Release|Any CPU
		{F8584519-FDA7-4BCD-B669-F67383DA03D3}.Release|Any CPU.Build.0 = Release|Any CPU
		{451A9FE4-586C-4A1E-A84D-6D359866A638}.Debug|Any CPU.ActiveCfg = Debug|Any CPU
		{451A9FE4-586C-4A1E-A84D-6D359866A638}.Debug|Any CPU.Build.0 = Debug|Any CPU
		{451A9FE4-586C-4A1E-A84D-6D359866A638}.Release|Any CPU.ActiveCfg = Release|Any CPU
		{451A9FE4-586C-4A1E-A84D-6D359866A638}.Release|Any CPU.Build.0 = Release|Any CPU
		{66082A9F-56E5-4DCA-BAB4-B1C39AD77E55}.Debug|Any CPU.ActiveCfg = Debug|Any CPU
		{66082A9F-56E5-4DCA-BAB4-B1C39AD77E55}.Debug|Any CPU.Build.0 = Debug|Any CPU
		{66082A9F-56E5-4DCA-BAB4-B1C39AD77E55}.Release|Any CPU.ActiveCfg = Release|Any CPU
		{66082A9F-56E5-4DCA-BAB4-B1C39AD77E55}.Release|Any CPU.Build.0 = Release|Any CPU
		{FD5E01D0-D4DD-4650-8D56-4CBF1478A7DB}.Debug|Any CPU.ActiveCfg = Debug|Any CPU
		{FD5E01D0-D4DD-4650-8D56-4CBF1478A7DB}.Debug|Any CPU.Build.0 = Debug|Any CPU
		{FD5E01D0-D4DD-4650-8D56-4CBF1478A7DB}.Release|Any CPU.ActiveCfg = Release|Any CPU
		{FD5E01D0-D4DD-4650-8D56-4CBF1478A7DB}.Release|Any CPU.Build.0 = Release|Any CPU
		{1A24CE82-4614-444C-80BF-DFF7FF7AC85C}.Debug|Any CPU.ActiveCfg = Debug|Any CPU
		{1A24CE82-4614-444C-80BF-DFF7FF7AC85C}.Debug|Any CPU.Build.0 = Debug|Any CPU
		{1A24CE82-4614-444C-80BF-DFF7FF7AC85C}.Release|Any CPU.ActiveCfg = Release|Any CPU
		{1A24CE82-4614-444C-80BF-DFF7FF7AC85C}.Release|Any CPU.Build.0 = Release|Any CPU
		{C95C74CA-B86E-4416-92D8-2ADC6C54DE5B}.Debug|Any CPU.ActiveCfg = Debug|Any CPU
		{C95C74CA-B86E-4416-92D8-2ADC6C54DE5B}.Debug|Any CPU.Build.0 = Debug|Any CPU
		{C95C74CA-B86E-4416-92D8-2ADC6C54DE5B}.Release|Any CPU.ActiveCfg = Release|Any CPU
		{C95C74CA-B86E-4416-92D8-2ADC6C54DE5B}.Release|Any CPU.Build.0 = Release|Any CPU
		{43C6D8F4-EA7B-4740-B99E-E619780BF0AA}.Debug|Any CPU.ActiveCfg = Debug|Any CPU
		{43C6D8F4-EA7B-4740-B99E-E619780BF0AA}.Debug|Any CPU.Build.0 = Debug|Any CPU
		{43C6D8F4-EA7B-4740-B99E-E619780BF0AA}.Release|Any CPU.ActiveCfg = Release|Any CPU
		{43C6D8F4-EA7B-4740-B99E-E619780BF0AA}.Release|Any CPU.Build.0 = Release|Any CPU
		{A8CF1D7E-B7A4-4336-A1FA-B9BE3609045D}.Debug|Any CPU.ActiveCfg = Debug|Any CPU
		{A8CF1D7E-B7A4-4336-A1FA-B9BE3609045D}.Debug|Any CPU.Build.0 = Debug|Any CPU
		{A8CF1D7E-B7A4-4336-A1FA-B9BE3609045D}.Release|Any CPU.ActiveCfg = Release|Any CPU
		{A8CF1D7E-B7A4-4336-A1FA-B9BE3609045D}.Release|Any CPU.Build.0 = Release|Any CPU
		{872BE3D3-E1B0-429F-95F8-712D7DA01EA3}.Debug|Any CPU.ActiveCfg = Debug|Any CPU
		{872BE3D3-E1B0-429F-95F8-712D7DA01EA3}.Debug|Any CPU.Build.0 = Debug|Any CPU
		{872BE3D3-E1B0-429F-95F8-712D7DA01EA3}.Release|Any CPU.ActiveCfg = Release|Any CPU
		{872BE3D3-E1B0-429F-95F8-712D7DA01EA3}.Release|Any CPU.Build.0 = Release|Any CPU
		{D574F5E2-C8E1-43A1-B95D-4685B87BF4E9}.Debug|Any CPU.ActiveCfg = Debug|Any CPU
		{D574F5E2-C8E1-43A1-B95D-4685B87BF4E9}.Debug|Any CPU.Build.0 = Debug|Any CPU
		{D574F5E2-C8E1-43A1-B95D-4685B87BF4E9}.Release|Any CPU.ActiveCfg = Release|Any CPU
		{D574F5E2-C8E1-43A1-B95D-4685B87BF4E9}.Release|Any CPU.Build.0 = Release|Any CPU
		{D02C6090-B21F-4E07-B5CB-4C4FEA4E05EC}.Debug|Any CPU.ActiveCfg = Debug|Any CPU
		{D02C6090-B21F-4E07-B5CB-4C4FEA4E05EC}.Debug|Any CPU.Build.0 = Debug|Any CPU
		{D02C6090-B21F-4E07-B5CB-4C4FEA4E05EC}.Release|Any CPU.ActiveCfg = Release|Any CPU
		{D02C6090-B21F-4E07-B5CB-4C4FEA4E05EC}.Release|Any CPU.Build.0 = Release|Any CPU
		{54B1785B-61F3-46B7-981F-16910F558143}.Debug|Any CPU.ActiveCfg = Debug|Any CPU
		{54B1785B-61F3-46B7-981F-16910F558143}.Debug|Any CPU.Build.0 = Debug|Any CPU
		{54B1785B-61F3-46B7-981F-16910F558143}.Release|Any CPU.ActiveCfg = Release|Any CPU
		{54B1785B-61F3-46B7-981F-16910F558143}.Release|Any CPU.Build.0 = Release|Any CPU
		{FB697FE5-85B6-4252-92BA-E3D22D9D9D5B}.Debug|Any CPU.ActiveCfg = Debug|Any CPU
		{FB697FE5-85B6-4252-92BA-E3D22D9D9D5B}.Debug|Any CPU.Build.0 = Debug|Any CPU
		{FB697FE5-85B6-4252-92BA-E3D22D9D9D5B}.Release|Any CPU.ActiveCfg = Release|Any CPU
		{FB697FE5-85B6-4252-92BA-E3D22D9D9D5B}.Release|Any CPU.Build.0 = Release|Any CPU
		{884199E1-9592-44D1-9C9F-0C5CC264CC67}.Debug|Any CPU.ActiveCfg = Debug|Any CPU
		{884199E1-9592-44D1-9C9F-0C5CC264CC67}.Debug|Any CPU.Build.0 = Debug|Any CPU
		{884199E1-9592-44D1-9C9F-0C5CC264CC67}.Release|Any CPU.ActiveCfg = Release|Any CPU
		{884199E1-9592-44D1-9C9F-0C5CC264CC67}.Release|Any CPU.Build.0 = Release|Any CPU
		{7B879F0F-9E07-4C73-9935-C54E22A45A49}.Debug|Any CPU.ActiveCfg = Debug|Any CPU
		{7B879F0F-9E07-4C73-9935-C54E22A45A49}.Debug|Any CPU.Build.0 = Debug|Any CPU
		{7B879F0F-9E07-4C73-9935-C54E22A45A49}.Release|Any CPU.ActiveCfg = Release|Any CPU
		{7B879F0F-9E07-4C73-9935-C54E22A45A49}.Release|Any CPU.Build.0 = Release|Any CPU
		{5350905D-9DD8-4306-A3A1-82B777B3E91A}.Debug|Any CPU.ActiveCfg = Debug|Any CPU
		{5350905D-9DD8-4306-A3A1-82B777B3E91A}.Debug|Any CPU.Build.0 = Debug|Any CPU
		{5350905D-9DD8-4306-A3A1-82B777B3E91A}.Release|Any CPU.ActiveCfg = Release|Any CPU
		{5350905D-9DD8-4306-A3A1-82B777B3E91A}.Release|Any CPU.Build.0 = Release|Any CPU
		{87621D2D-DB22-46A0-A87C-EEFD84020718}.Debug|Any CPU.ActiveCfg = Debug|Any CPU
		{87621D2D-DB22-46A0-A87C-EEFD84020718}.Debug|Any CPU.Build.0 = Debug|Any CPU
		{87621D2D-DB22-46A0-A87C-EEFD84020718}.Release|Any CPU.ActiveCfg = Release|Any CPU
		{87621D2D-DB22-46A0-A87C-EEFD84020718}.Release|Any CPU.Build.0 = Release|Any CPU
		{9F450C23-ADAD-4DF6-9110-5C78764E217F}.Debug|Any CPU.ActiveCfg = Debug|Any CPU
		{9F450C23-ADAD-4DF6-9110-5C78764E217F}.Debug|Any CPU.Build.0 = Debug|Any CPU
		{9F450C23-ADAD-4DF6-9110-5C78764E217F}.Release|Any CPU.ActiveCfg = Release|Any CPU
		{9F450C23-ADAD-4DF6-9110-5C78764E217F}.Release|Any CPU.Build.0 = Release|Any CPU
		{EC0F4B71-B42E-48F8-B3EC-E451DE3F8C9B}.Debug|Any CPU.ActiveCfg = Debug|Any CPU
		{EC0F4B71-B42E-48F8-B3EC-E451DE3F8C9B}.Debug|Any CPU.Build.0 = Debug|Any CPU
		{EC0F4B71-B42E-48F8-B3EC-E451DE3F8C9B}.Release|Any CPU.ActiveCfg = Release|Any CPU
		{EC0F4B71-B42E-48F8-B3EC-E451DE3F8C9B}.Release|Any CPU.Build.0 = Release|Any CPU
		{34A158A3-0DF6-4C7F-B1F3-F82BBB20AE6A}.Debug|Any CPU.ActiveCfg = Debug|Any CPU
		{34A158A3-0DF6-4C7F-B1F3-F82BBB20AE6A}.Debug|Any CPU.Build.0 = Debug|Any CPU
		{34A158A3-0DF6-4C7F-B1F3-F82BBB20AE6A}.Release|Any CPU.ActiveCfg = Release|Any CPU
		{34A158A3-0DF6-4C7F-B1F3-F82BBB20AE6A}.Release|Any CPU.Build.0 = Release|Any CPU
		{91F7F05C-3768-4E0E-BDF9-2AC3F504D25D}.Debug|Any CPU.ActiveCfg = Debug|Any CPU
		{91F7F05C-3768-4E0E-BDF9-2AC3F504D25D}.Debug|Any CPU.Build.0 = Debug|Any CPU
		{91F7F05C-3768-4E0E-BDF9-2AC3F504D25D}.Release|Any CPU.ActiveCfg = Release|Any CPU
		{91F7F05C-3768-4E0E-BDF9-2AC3F504D25D}.Release|Any CPU.Build.0 = Release|Any CPU
		{E81C705A-D39B-47A5-9A4A-BF628F0BB750}.Debug|Any CPU.ActiveCfg = Debug|Any CPU
		{E81C705A-D39B-47A5-9A4A-BF628F0BB750}.Debug|Any CPU.Build.0 = Debug|Any CPU
		{E81C705A-D39B-47A5-9A4A-BF628F0BB750}.Release|Any CPU.ActiveCfg = Release|Any CPU
		{E81C705A-D39B-47A5-9A4A-BF628F0BB750}.Release|Any CPU.Build.0 = Release|Any CPU
		{B57F30AA-F1A0-424E-8066-F04F5E064C99}.Debug|Any CPU.ActiveCfg = Debug|Any CPU
		{B57F30AA-F1A0-424E-8066-F04F5E064C99}.Debug|Any CPU.Build.0 = Debug|Any CPU
		{B57F30AA-F1A0-424E-8066-F04F5E064C99}.Release|Any CPU.ActiveCfg = Release|Any CPU
		{B57F30AA-F1A0-424E-8066-F04F5E064C99}.Release|Any CPU.Build.0 = Release|Any CPU
		{FA75F78E-2592-4D16-8A49-7F18DEAA7F3C}.Debug|Any CPU.ActiveCfg = Debug|Any CPU
		{FA75F78E-2592-4D16-8A49-7F18DEAA7F3C}.Debug|Any CPU.Build.0 = Debug|Any CPU
		{FA75F78E-2592-4D16-8A49-7F18DEAA7F3C}.Release|Any CPU.ActiveCfg = Release|Any CPU
		{FA75F78E-2592-4D16-8A49-7F18DEAA7F3C}.Release|Any CPU.Build.0 = Release|Any CPU
		{1560B2DE-83AE-400B-8155-D33930E6E0A7}.Debug|Any CPU.ActiveCfg = Debug|Any CPU
		{1560B2DE-83AE-400B-8155-D33930E6E0A7}.Debug|Any CPU.Build.0 = Debug|Any CPU
		{1560B2DE-83AE-400B-8155-D33930E6E0A7}.Release|Any CPU.ActiveCfg = Release|Any CPU
		{1560B2DE-83AE-400B-8155-D33930E6E0A7}.Release|Any CPU.Build.0 = Release|Any CPU
		{F69C7CB0-1E4B-4EF2-8426-B78A7CADAA61}.Debug|Any CPU.ActiveCfg = Debug|Any CPU
		{F69C7CB0-1E4B-4EF2-8426-B78A7CADAA61}.Debug|Any CPU.Build.0 = Debug|Any CPU
		{F69C7CB0-1E4B-4EF2-8426-B78A7CADAA61}.Release|Any CPU.ActiveCfg = Release|Any CPU
		{F69C7CB0-1E4B-4EF2-8426-B78A7CADAA61}.Release|Any CPU.Build.0 = Release|Any CPU
	EndGlobalSection
	GlobalSection(SolutionProperties) = preSolution
		HideSolutionNode = FALSE
	EndGlobalSection
	GlobalSection(NestedProjects) = preSolution
		{095045DB-B851-46D0-B11F-66771D0BB356} = {7D48C675-3C8B-4948-A7F6-1971A02B13C6}
		{D9A57F79-D2C8-4466-A101-19AE11BAB91D} = {7D48C675-3C8B-4948-A7F6-1971A02B13C6}
		{E0352DD8-ECF3-4CA6-BC83-FAB7458B87AB} = {7D48C675-3C8B-4948-A7F6-1971A02B13C6}
		{8C75E6B0-BAA2-4803-A6D6-C42E0DBE0CD7} = {7D48C675-3C8B-4948-A7F6-1971A02B13C6}
		{BD2588F1-005F-4D75-88A7-CFD6BC0591D5} = {7D48C675-3C8B-4948-A7F6-1971A02B13C6}
		{C33EC1C6-3492-49D8-A8DC-9153D974737E} = {7D48C675-3C8B-4948-A7F6-1971A02B13C6}
		{D3024BBA-16F3-4C4E-80D0-0FB25DB697FD} = {7D48C675-3C8B-4948-A7F6-1971A02B13C6}
		{07F14C5F-9FC5-43ED-BDF6-B2F9B3846F4C} = {7D48C675-3C8B-4948-A7F6-1971A02B13C6}
		{48E65E81-2E7A-4471-BCB7-DE544F5BD825} = {7D48C675-3C8B-4948-A7F6-1971A02B13C6}
		{5232E3EF-0B90-4C20-AF32-E12400F4B635} = {7D48C675-3C8B-4948-A7F6-1971A02B13C6}
		{22994D13-4EC7-4D94-8434-A364F72BFB00} = {7D48C675-3C8B-4948-A7F6-1971A02B13C6}
		{01D96839-6164-4E3D-9E26-2FC61D170D41} = {7D48C675-3C8B-4948-A7F6-1971A02B13C6}
		{BCFA76CF-7057-47BF-BB06-72AA88A2C195} = {7D48C675-3C8B-4948-A7F6-1971A02B13C6}
		{8001E631-D43A-43D3-A364-C24B4A7AB2EF} = {7D48C675-3C8B-4948-A7F6-1971A02B13C6}
		{F8584519-FDA7-4BCD-B669-F67383DA03D3} = {7D48C675-3C8B-4948-A7F6-1971A02B13C6}
		{451A9FE4-586C-4A1E-A84D-6D359866A638} = {D0A5C6F9-02C9-49CC-94DC-8AD1FD68AD0D}
		{66082A9F-56E5-4DCA-BAB4-B1C39AD77E55} = {D0A5C6F9-02C9-49CC-94DC-8AD1FD68AD0D}
		{FD5E01D0-D4DD-4650-8D56-4CBF1478A7DB} = {D0A5C6F9-02C9-49CC-94DC-8AD1FD68AD0D}
		{1A24CE82-4614-444C-80BF-DFF7FF7AC85C} = {D0A5C6F9-02C9-49CC-94DC-8AD1FD68AD0D}
		{C95C74CA-B86E-4416-92D8-2ADC6C54DE5B} = {D0A5C6F9-02C9-49CC-94DC-8AD1FD68AD0D}
		{43C6D8F4-EA7B-4740-B99E-E619780BF0AA} = {D0A5C6F9-02C9-49CC-94DC-8AD1FD68AD0D}
		{A8CF1D7E-B7A4-4336-A1FA-B9BE3609045D} = {D0A5C6F9-02C9-49CC-94DC-8AD1FD68AD0D}
		{872BE3D3-E1B0-429F-95F8-712D7DA01EA3} = {C309A5BC-2D14-4DC9-8DC8-F0DCFEC81E49}
		{D574F5E2-C8E1-43A1-B95D-4685B87BF4E9} = {C309A5BC-2D14-4DC9-8DC8-F0DCFEC81E49}
		{D02C6090-B21F-4E07-B5CB-4C4FEA4E05EC} = {C309A5BC-2D14-4DC9-8DC8-F0DCFEC81E49}
		{54B1785B-61F3-46B7-981F-16910F558143} = {C309A5BC-2D14-4DC9-8DC8-F0DCFEC81E49}
		{FB697FE5-85B6-4252-92BA-E3D22D9D9D5B} = {C309A5BC-2D14-4DC9-8DC8-F0DCFEC81E49}
		{884199E1-9592-44D1-9C9F-0C5CC264CC67} = {C309A5BC-2D14-4DC9-8DC8-F0DCFEC81E49}
		{7B879F0F-9E07-4C73-9935-C54E22A45A49} = {8D232F7D-74D1-4DD7-BF4D-17E4210FC8AF}
		{5350905D-9DD8-4306-A3A1-82B777B3E91A} = {8D232F7D-74D1-4DD7-BF4D-17E4210FC8AF}
		{87621D2D-DB22-46A0-A87C-EEFD84020718} = {8D232F7D-74D1-4DD7-BF4D-17E4210FC8AF}
		{9F450C23-ADAD-4DF6-9110-5C78764E217F} = {8D232F7D-74D1-4DD7-BF4D-17E4210FC8AF}
		{EC0F4B71-B42E-48F8-B3EC-E451DE3F8C9B} = {8D232F7D-74D1-4DD7-BF4D-17E4210FC8AF}
		{34A158A3-0DF6-4C7F-B1F3-F82BBB20AE6A} = {F2F993C8-EBE6-414C-AF69-A0D93AB14D6F}
		{91F7F05C-3768-4E0E-BDF9-2AC3F504D25D} = {F2F993C8-EBE6-414C-AF69-A0D93AB14D6F}
		{E81C705A-D39B-47A5-9A4A-BF628F0BB750} = {F2F993C8-EBE6-414C-AF69-A0D93AB14D6F}
		{B57F30AA-F1A0-424E-8066-F04F5E064C99} = {F2F993C8-EBE6-414C-AF69-A0D93AB14D6F}
		{FA75F78E-2592-4D16-8A49-7F18DEAA7F3C} = {F2F993C8-EBE6-414C-AF69-A0D93AB14D6F}
		{1560B2DE-83AE-400B-8155-D33930E6E0A7} = {F2F993C8-EBE6-414C-AF69-A0D93AB14D6F}
		{F69C7CB0-1E4B-4EF2-8426-B78A7CADAA61} = {F2F993C8-EBE6-414C-AF69-A0D93AB14D6F}
	EndGlobalSection
	GlobalSection(ExtensibilityGlobals) = postSolution
		SolutionGuid = {8796A68D-BBAC-47E8-9CB4-7D24C7149CBC}
	EndGlobalSection
EndGlobal
